
Microsoft Visual Studio Solution File, Format Version 12.00
# Visual Studio Version 16
VisualStudioVersion = 16.0.30204.135
MinimumVisualStudioVersion = 10.0.40219.1
Project("{FAE04EC0-301F-11D3-BF4B-00C04F79EFBC}") = "TokoManager.UWP", "TokoManager\TokoManager.UWP\TokoManager.UWP.csproj", "{DFBF5D69-4AA4-4B91-AF70-10159BE8AEBE}"
EndProject
Project("{FAE04EC0-301F-11D3-BF4B-00C04F79EFBC}") = "TokoManager.Android", "TokoManager\TokoManager.Android\TokoManager.Android.csproj", "{9F57E4F2-9FDC-4075-90AB-60FB4D4C459D}"
EndProject
Project("{FAE04EC0-301F-11D3-BF4B-00C04F79EFBC}") = "TokoManager.iOS", "TokoManager\TokoManager.iOS\TokoManager.iOS.csproj", "{CC4595F3-F6D2-4A55-B875-56E160EE7F53}"
EndProject
Project("{FAE04EC0-301F-11D3-BF4B-00C04F79EFBC}") = "TokoManager", "TokoManager\TokoManager\TokoManager.csproj", "{3508DA83-90A1-4858-BBA5-DC1B16D5E5C2}"
EndProject
Global
	GlobalSection(SolutionConfigurationPlatforms) = preSolution
		Debug|Any CPU = Debug|Any CPU
		Debug|ARM = Debug|ARM
		Debug|iPhone = Debug|iPhone
		Debug|iPhoneSimulator = Debug|iPhoneSimulator
		Debug|x64 = Debug|x64
		Debug|x86 = Debug|x86
		Release|Any CPU = Release|Any CPU
		Release|ARM = Release|ARM
		Release|iPhone = Release|iPhone
		Release|iPhoneSimulator = Release|iPhoneSimulator
		Release|x64 = Release|x64
		Release|x86 = Release|x86
	EndGlobalSection
	GlobalSection(ProjectConfigurationPlatforms) = postSolution
		{DFBF5D69-4AA4-4B91-AF70-10159BE8AEBE}.Debug|Any CPU.ActiveCfg = Debug|x86
		{DFBF5D69-4AA4-4B91-AF70-10159BE8AEBE}.Debug|Any CPU.Build.0 = Debug|x86
		{DFBF5D69-4AA4-4B91-AF70-10159BE8AEBE}.Debug|Any CPU.Deploy.0 = Debug|x86
		{DFBF5D69-4AA4-4B91-AF70-10159BE8AEBE}.Debug|ARM.ActiveCfg = Debug|ARM
		{DFBF5D69-4AA4-4B91-AF70-10159BE8AEBE}.Debug|ARM.Build.0 = Debug|ARM
		{DFBF5D69-4AA4-4B91-AF70-10159BE8AEBE}.Debug|ARM.Deploy.0 = Debug|ARM
		{DFBF5D69-4AA4-4B91-AF70-10159BE8AEBE}.Debug|iPhone.ActiveCfg = Debug|x86
		{DFBF5D69-4AA4-4B91-AF70-10159BE8AEBE}.Debug|iPhone.Build.0 = Debug|x86
		{DFBF5D69-4AA4-4B91-AF70-10159BE8AEBE}.Debug|iPhone.Deploy.0 = Debug|x86
		{DFBF5D69-4AA4-4B91-AF70-10159BE8AEBE}.Debug|iPhoneSimulator.ActiveCfg = Debug|x86
		{DFBF5D69-4AA4-4B91-AF70-10159BE8AEBE}.Debug|iPhoneSimulator.Build.0 = Debug|x86
		{DFBF5D69-4AA4-4B91-AF70-10159BE8AEBE}.Debug|iPhoneSimulator.Deploy.0 = Debug|x86
		{DFBF5D69-4AA4-4B91-AF70-10159BE8AEBE}.Debug|x64.ActiveCfg = Debug|x64
		{DFBF5D69-4AA4-4B91-AF70-10159BE8AEBE}.Debug|x64.Build.0 = Debug|x64
		{DFBF5D69-4AA4-4B91-AF70-10159BE8AEBE}.Debug|x64.Deploy.0 = Debug|x64
		{DFBF5D69-4AA4-4B91-AF70-10159BE8AEBE}.Debug|x86.ActiveCfg = Debug|x86
		{DFBF5D69-4AA4-4B91-AF70-10159BE8AEBE}.Debug|x86.Build.0 = Debug|x86
		{DFBF5D69-4AA4-4B91-AF70-10159BE8AEBE}.Debug|x86.Deploy.0 = Debug|x86
		{DFBF5D69-4AA4-4B91-AF70-10159BE8AEBE}.Release|Any CPU.ActiveCfg = Release|x86
		{DFBF5D69-4AA4-4B91-AF70-10159BE8AEBE}.Release|Any CPU.Build.0 = Release|x86
		{DFBF5D69-4AA4-4B91-AF70-10159BE8AEBE}.Release|Any CPU.Deploy.0 = Release|x86
		{DFBF5D69-4AA4-4B91-AF70-10159BE8AEBE}.Release|ARM.ActiveCfg = Release|ARM
		{DFBF5D69-4AA4-4B91-AF70-10159BE8AEBE}.Release|ARM.Build.0 = Release|ARM
		{DFBF5D69-4AA4-4B91-AF70-10159BE8AEBE}.Release|ARM.Deploy.0 = Release|ARM
		{DFBF5D69-4AA4-4B91-AF70-10159BE8AEBE}.Release|iPhone.ActiveCfg = Release|x86
		{DFBF5D69-4AA4-4B91-AF70-10159BE8AEBE}.Release|iPhone.Build.0 = Release|x86
		{DFBF5D69-4AA4-4B91-AF70-10159BE8AEBE}.Release|iPhone.Deploy.0 = Release|x86
		{DFBF5D69-4AA4-4B91-AF70-10159BE8AEBE}.Release|iPhoneSimulator.ActiveCfg = Release|x86
		{DFBF5D69-4AA4-4B91-AF70-10159BE8AEBE}.Release|iPhoneSimulator.Build.0 = Release|x86
		{DFBF5D69-4AA4-4B91-AF70-10159BE8AEBE}.Release|iPhoneSimulator.Deploy.0 = Release|x86
		{DFBF5D69-4AA4-4B91-AF70-10159BE8AEBE}.Release|x64.ActiveCfg = Release|x64
		{DFBF5D69-4AA4-4B91-AF70-10159BE8AEBE}.Release|x64.Build.0 = Release|x64
		{DFBF5D69-4AA4-4B91-AF70-10159BE8AEBE}.Release|x64.Deploy.0 = Release|x64
		{DFBF5D69-4AA4-4B91-AF70-10159BE8AEBE}.Release|x86.ActiveCfg = Release|x86
		{DFBF5D69-4AA4-4B91-AF70-10159BE8AEBE}.Release|x86.Build.0 = Release|x86
		{DFBF5D69-4AA4-4B91-AF70-10159BE8AEBE}.Release|x86.Deploy.0 = Release|x86
		{9F57E4F2-9FDC-4075-90AB-60FB4D4C459D}.Debug|Any CPU.ActiveCfg = Debug|Any CPU
		{9F57E4F2-9FDC-4075-90AB-60FB4D4C459D}.Debug|Any CPU.Build.0 = Debug|Any CPU
		{9F57E4F2-9FDC-4075-90AB-60FB4D4C459D}.Debug|Any CPU.Deploy.0 = Debug|Any CPU
		{9F57E4F2-9FDC-4075-90AB-60FB4D4C459D}.Debug|ARM.ActiveCfg = Debug|Any CPU
		{9F57E4F2-9FDC-4075-90AB-60FB4D4C459D}.Debug|ARM.Build.0 = Debug|Any CPU
		{9F57E4F2-9FDC-4075-90AB-60FB4D4C459D}.Debug|ARM.Deploy.0 = Debug|Any CPU
		{9F57E4F2-9FDC-4075-90AB-60FB4D4C459D}.Debug|iPhone.ActiveCfg = Debug|Any CPU
		{9F57E4F2-9FDC-4075-90AB-60FB4D4C459D}.Debug|iPhone.Build.0 = Debug|Any CPU
		{9F57E4F2-9FDC-4075-90AB-60FB4D4C459D}.Debug|iPhone.Deploy.0 = Debug|Any CPU
		{9F57E4F2-9FDC-4075-90AB-60FB4D4C459D}.Debug|iPhoneSimulator.ActiveCfg = Debug|Any CPU
		{9F57E4F2-9FDC-4075-90AB-60FB4D4C459D}.Debug|iPhoneSimulator.Build.0 = Debug|Any CPU
		{9F57E4F2-9FDC-4075-90AB-60FB4D4C459D}.Debug|iPhoneSimulator.Deploy.0 = Debug|Any CPU
		{9F57E4F2-9FDC-4075-90AB-60FB4D4C459D}.Debug|x64.ActiveCfg = Debug|Any CPU
		{9F57E4F2-9FDC-4075-90AB-60FB4D4C459D}.Debug|x64.Build.0 = Debug|Any CPU
		{9F57E4F2-9FDC-4075-90AB-60FB4D4C459D}.Debug|x64.Deploy.0 = Debug|Any CPU
		{9F57E4F2-9FDC-4075-90AB-60FB4D4C459D}.Debug|x86.ActiveCfg = Debug|Any CPU
		{9F57E4F2-9FDC-4075-90AB-60FB4D4C459D}.Debug|x86.Build.0 = Debug|Any CPU
		{9F57E4F2-9FDC-4075-90AB-60FB4D4C459D}.Debug|x86.Deploy.0 = Debug|Any CPU
		{9F57E4F2-9FDC-4075-90AB-60FB4D4C459D}.Release|Any CPU.ActiveCfg = Release|Any CPU
		{9F57E4F2-9FDC-4075-90AB-60FB4D4C459D}.Release|Any CPU.Build.0 = Release|Any CPU
		{9F57E4F2-9FDC-4075-90AB-60FB4D4C459D}.Release|Any CPU.Deploy.0 = Release|Any CPU
		{9F57E4F2-9FDC-4075-90AB-60FB4D4C459D}.Release|ARM.ActiveCfg = Release|Any CPU
		{9F57E4F2-9FDC-4075-90AB-60FB4D4C459D}.Release|ARM.Build.0 = Release|Any CPU
		{9F57E4F2-9FDC-4075-90AB-60FB4D4C459D}.Release|ARM.Deploy.0 = Release|Any CPU
		{9F57E4F2-9FDC-4075-90AB-60FB4D4C459D}.Release|iPhone.ActiveCfg = Release|Any CPU
		{9F57E4F2-9FDC-4075-90AB-60FB4D4C459D}.Release|iPhone.Build.0 = Release|Any CPU
		{9F57E4F2-9FDC-4075-90AB-60FB4D4C459D}.Release|iPhone.Deploy.0 = Release|Any CPU
		{9F57E4F2-9FDC-4075-90AB-60FB4D4C459D}.Release|iPhoneSimulator.ActiveCfg = Release|Any CPU
		{9F57E4F2-9FDC-4075-90AB-60FB4D4C459D}.Release|iPhoneSimulator.Build.0 = Release|Any CPU
		{9F57E4F2-9FDC-4075-90AB-60FB4D4C459D}.Release|iPhoneSimulator.Deploy.0 = Release|Any CPU
		{9F57E4F2-9FDC-4075-90AB-60FB4D4C459D}.Release|x64.ActiveCfg = Release|Any CPU
		{9F57E4F2-9FDC-4075-90AB-60FB4D4C459D}.Release|x64.Build.0 = Release|Any CPU
		{9F57E4F2-9FDC-4075-90AB-60FB4D4C459D}.Release|x64.Deploy.0 = Release|Any CPU
		{9F57E4F2-9FDC-4075-90AB-60FB4D4C459D}.Release|x86.ActiveCfg = Release|Any CPU
		{9F57E4F2-9FDC-4075-90AB-60FB4D4C459D}.Release|x86.Build.0 = Release|Any CPU
		{9F57E4F2-9FDC-4075-90AB-60FB4D4C459D}.Release|x86.Deploy.0 = Release|Any CPU
		{CC4595F3-F6D2-4A55-B875-56E160EE7F53}.Debug|Any CPU.ActiveCfg = Debug|iPhone
		{CC4595F3-F6D2-4A55-B875-56E160EE7F53}.Debug|Any CPU.Build.0 = Debug|iPhone
		{CC4595F3-F6D2-4A55-B875-56E160EE7F53}.Debug|Any CPU.Deploy.0 = Debug|iPhone
		{CC4595F3-F6D2-4A55-B875-56E160EE7F53}.Debug|ARM.ActiveCfg = Debug|iPhone
		{CC4595F3-F6D2-4A55-B875-56E160EE7F53}.Debug|ARM.Build.0 = Debug|iPhone
		{CC4595F3-F6D2-4A55-B875-56E160EE7F53}.Debug|ARM.Deploy.0 = Debug|iPhone
		{CC4595F3-F6D2-4A55-B875-56E160EE7F53}.Debug|iPhone.ActiveCfg = Debug|iPhone
		{CC4595F3-F6D2-4A55-B875-56E160EE7F53}.Debug|iPhone.Build.0 = Debug|iPhone
		{CC4595F3-F6D2-4A55-B875-56E160EE7F53}.Debug|iPhone.Deploy.0 = Debug|iPhone
		{CC4595F3-F6D2-4A55-B875-56E160EE7F53}.Debug|iPhoneSimulator.ActiveCfg = Debug|iPhoneSimulator
		{CC4595F3-F6D2-4A55-B875-56E160EE7F53}.Debug|iPhoneSimulator.Build.0 = Debug|iPhoneSimulator
		{CC4595F3-F6D2-4A55-B875-56E160EE7F53}.Debug|iPhoneSimulator.Deploy.0 = Debug|iPhoneSimulator
		{CC4595F3-F6D2-4A55-B875-56E160EE7F53}.Debug|x64.ActiveCfg = Debug|iPhone
		{CC4595F3-F6D2-4A55-B875-56E160EE7F53}.Debug|x64.Build.0 = Debug|iPhone
		{CC4595F3-F6D2-4A55-B875-56E160EE7F53}.Debug|x64.Deploy.0 = Debug|iPhone
		{CC4595F3-F6D2-4A55-B875-56E160EE7F53}.Debug|x86.ActiveCfg = Debug|iPhone
		{CC4595F3-F6D2-4A55-B875-56E160EE7F53}.Debug|x86.Build.0 = Debug|iPhone
		{CC4595F3-F6D2-4A55-B875-56E160EE7F53}.Debug|x86.Deploy.0 = Debug|iPhone
		{CC4595F3-F6D2-4A55-B875-56E160EE7F53}.Release|Any CPU.ActiveCfg = Release|iPhone
		{CC4595F3-F6D2-4A55-B875-56E160EE7F53}.Release|Any CPU.Build.0 = Release|iPhone
		{CC4595F3-F6D2-4A55-B875-56E160EE7F53}.Release|Any CPU.Deploy.0 = Release|iPhone
		{CC4595F3-F6D2-4A55-B875-56E160EE7F53}.Release|ARM.ActiveCfg = Release|iPhone
		{CC4595F3-F6D2-4A55-B875-56E160EE7F53}.Release|ARM.Build.0 = Release|iPhone
		{CC4595F3-F6D2-4A55-B875-56E160EE7F53}.Release|ARM.Deploy.0 = Release|iPhone
		{CC4595F3-F6D2-4A55-B875-56E160EE7F53}.Release|iPhone.ActiveCfg = Release|iPhone
		{CC4595F3-F6D2-4A55-B875-56E160EE7F53}.Release|iPhone.Build.0 = Release|iPhone
		{CC4595F3-F6D2-4A55-B875-56E160EE7F53}.Release|iPhone.Deploy.0 = Release|iPhone
		{CC4595F3-F6D2-4A55-B875-56E160EE7F53}.Release|iPhoneSimulator.ActiveCfg = Release|iPhoneSimulator
		{CC4595F3-F6D2-4A55-B875-56E160EE7F53}.Release|iPhoneSimulator.Build.0 = Release|iPhoneSimulator
		{CC4595F3-F6D2-4A55-B875-56E160EE7F53}.Release|iPhoneSimulator.Deploy.0 = Release|iPhoneSimulator
		{CC4595F3-F6D2-4A55-B875-56E160EE7F53}.Release|x64.ActiveCfg = Release|iPhone
		{CC4595F3-F6D2-4A55-B875-56E160EE7F53}.Release|x64.Build.0 = Release|iPhone
		{CC4595F3-F6D2-4A55-B875-56E160EE7F53}.Release|x64.Deploy.0 = Release|iPhone
		{CC4595F3-F6D2-4A55-B875-56E160EE7F53}.Release|x86.ActiveCfg = Release|iPhone
		{CC4595F3-F6D2-4A55-B875-56E160EE7F53}.Release|x86.Build.0 = Release|iPhone
		{CC4595F3-F6D2-4A55-B875-56E160EE7F53}.Release|x86.Deploy.0 = Release|iPhone
		{3508DA83-90A1-4858-BBA5-DC1B16D5E5C2}.Debug|Any CPU.ActiveCfg = Debug|Any CPU
		{3508DA83-90A1-4858-BBA5-DC1B16D5E5C2}.Debug|Any CPU.Build.0 = Debug|Any CPU
		{3508DA83-90A1-4858-BBA5-DC1B16D5E5C2}.Debug|Any CPU.Deploy.0 = Debug|Any CPU
		{3508DA83-90A1-4858-BBA5-DC1B16D5E5C2}.Debug|ARM.ActiveCfg = Debug|Any CPU
		{3508DA83-90A1-4858-BBA5-DC1B16D5E5C2}.Debug|ARM.Build.0 = Debug|Any CPU
		{3508DA83-90A1-4858-BBA5-DC1B16D5E5C2}.Debug|ARM.Deploy.0 = Debug|Any CPU
		{3508DA83-90A1-4858-BBA5-DC1B16D5E5C2}.Debug|iPhone.ActiveCfg = Debug|Any CPU
		{3508DA83-90A1-4858-BBA5-DC1B16D5E5C2}.Debug|iPhone.Build.0 = Debug|Any CPU
		{3508DA83-90A1-4858-BBA5-DC1B16D5E5C2}.Debug|iPhone.Deploy.0 = Debug|Any CPU
		{3508DA83-90A1-4858-BBA5-DC1B16D5E5C2}.Debug|iPhoneSimulator.ActiveCfg = Debug|Any CPU
		{3508DA83-90A1-4858-BBA5-DC1B16D5E5C2}.Debug|iPhoneSimulator.Build.0 = Debug|Any CPU
		{3508DA83-90A1-4858-BBA5-DC1B16D5E5C2}.Debug|iPhoneSimulator.Deploy.0 = Debug|Any CPU
		{3508DA83-90A1-4858-BBA5-DC1B16D5E5C2}.Debug|x64.ActiveCfg = Debug|Any CPU
		{3508DA83-90A1-4858-BBA5-DC1B16D5E5C2}.Debug|x64.Build.0 = Debug|Any CPU
		{3508DA83-90A1-4858-BBA5-DC1B16D5E5C2}.Debug|x64.Deploy.0 = Debug|Any CPU
		{3508DA83-90A1-4858-BBA5-DC1B16D5E5C2}.Debug|x86.ActiveCfg = Debug|Any CPU
		{3508DA83-90A1-4858-BBA5-DC1B16D5E5C2}.Debug|x86.Build.0 = Debug|Any CPU
		{3508DA83-90A1-4858-BBA5-DC1B16D5E5C2}.Debug|x86.Deploy.0 = Debug|Any CPU
		{3508DA83-90A1-4858-BBA5-DC1B16D5E5C2}.Release|Any CPU.ActiveCfg = Release|Any CPU
		{3508DA83-90A1-4858-BBA5-DC1B16D5E5C2}.Release|Any CPU.Build.0 = Release|Any CPU
		{3508DA83-90A1-4858-BBA5-DC1B16D5E5C2}.Release|Any CPU.Deploy.0 = Release|Any CPU
		{3508DA83-90A1-4858-BBA5-DC1B16D5E5C2}.Release|ARM.ActiveCfg = Release|Any CPU
		{3508DA83-90A1-4858-BBA5-DC1B16D5E5C2}.Release|ARM.Build.0 = Release|Any CPU
		{3508DA83-90A1-4858-BBA5-DC1B16D5E5C2}.Release|ARM.Deploy.0 = Release|Any CPU
		{3508DA83-90A1-4858-BBA5-DC1B16D5E5C2}.Release|iPhone.ActiveCfg = Release|Any CPU
		{3508DA83-90A1-4858-BBA5-DC1B16D5E5C2}.Release|iPhone.Build.0 = Release|Any CPU
		{3508DA83-90A1-4858-BBA5-DC1B16D5E5C2}.Release|iPhone.Deploy.0 = Release|Any CPU
		{3508DA83-90A1-4858-BBA5-DC1B16D5E5C2}.Release|iPhoneSimulator.ActiveCfg = Release|Any CPU
		{3508DA83-90A1-4858-BBA5-DC1B16D5E5C2}.Release|iPhoneSimulator.Build.0 = Release|Any CPU
		{3508DA83-90A1-4858-BBA5-DC1B16D5E5C2}.Release|iPhoneSimulator.Deploy.0 = Release|Any CPU
		{3508DA83-90A1-4858-BBA5-DC1B16D5E5C2}.Release|x64.ActiveCfg = Release|Any CPU
		{3508DA83-90A1-4858-BBA5-DC1B16D5E5C2}.Release|x64.Build.0 = Release|Any CPU
		{3508DA83-90A1-4858-BBA5-DC1B16D5E5C2}.Release|x64.Deploy.0 = Release|Any CPU
		{3508DA83-90A1-4858-BBA5-DC1B16D5E5C2}.Release|x86.ActiveCfg = Release|Any CPU
		{3508DA83-90A1-4858-BBA5-DC1B16D5E5C2}.Release|x86.Build.0 = Release|Any CPU
		{3508DA83-90A1-4858-BBA5-DC1B16D5E5C2}.Release|x86.Deploy.0 = Release|Any CPU
	EndGlobalSection
	GlobalSection(SolutionProperties) = preSolution
		HideSolutionNode = FALSE
	EndGlobalSection
	GlobalSection(ExtensibilityGlobals) = postSolution
		SolutionGuid = {A1430A4E-D20B-475C-AD4A-307D5AFAC3FB}
	EndGlobalSection
EndGlobal
